
Microsoft Visual Studio Solution File, Format Version 11.00
# Visual Studio 2010
Project("{FAE04EC0-301F-11D3-BF4B-00C04F79EFBC}") = "INF4000", "INF4000\INF4000.csproj", "{77E19BC2-E42E-4669-B4F6-8F8A50AAEE6B}"
EndProject
Global
	GlobalSection(SolutionConfigurationPlatforms) = preSolution
		Debug|Any CPU = Debug|Any CPU
		Release|Any CPU = Release|Any CPU
	EndGlobalSection
	GlobalSection(ProjectConfigurationPlatforms) = postSolution
		{77E19BC2-E42E-4669-B4F6-8F8A50AAEE6B}.Debug|Any CPU.ActiveCfg = Debug|Any CPU
		{77E19BC2-E42E-4669-B4F6-8F8A50AAEE6B}.Debug|Any CPU.Build.0 = Debug|Any CPU
		{77E19BC2-E42E-4669-B4F6-8F8A50AAEE6B}.Release|Any CPU.ActiveCfg = Release|Any CPU
		{77E19BC2-E42E-4669-B4F6-8F8A50AAEE6B}.Release|Any CPU.Build.0 = Release|Any CPU
	EndGlobalSection
	GlobalSection(MonoDevelopProperties) = preSolution
		StartupItem = INF4000\INF4000.csproj
	EndGlobalSection
EndGlobal
